{
    "_readme": [
        "This file locks the dependencies of your project to a known state",
        "Read more about it at https://getcomposer.org/doc/01-basic-usage.md#installing-dependencies",
        "This file is @generated automatically"
    ],
    "content-hash": "fce2597a249c4e94e88e988f8bd11c37",
    "packages": [
        {
            "name": "lenochware/pclib",
            "version": "v2.4.3",
            "source": {
                "type": "git",
                "url": "https://github.com/lenochware/pclib.git",
                "reference": "27a79b25db1f9d3840be467ecdd29cfedf53b60a"
            },
            "dist": {
                "type": "zip",
                "url": "https://api.github.com/repos/lenochware/pclib/zipball/27a79b25db1f9d3840be467ecdd29cfedf53b60a",
                "reference": "27a79b25db1f9d3840be467ecdd29cfedf53b60a",
                "shasum": ""
            },
            "require": {
                "php": ">=5.4.0"
            },
            "type": "library",
            "autoload": {
                "classmap": [
                    "pclib"
                ],
                "files": [
                    "pclib/pclib.php"
                ]
            },
            "notification-url": "https://packagist.org/downloads/",
            "license": [
                "LGPL-2.1+"
            ],
            "authors": [
                {
                    "name": "lenochware",
                    "email": "lenochware@gmail.com"
                }
            ],
            "description": "Pclib framework",
            "homepage": "http://pclib.brambor.net",
            "keywords": [
                "framework",
                "pclib"
            ],
            "time": "2021-02-25T13:17:23+00:00"
        }
    ],
    "packages-dev": [],
    "aliases": [],
    "minimum-stability": "stable",
    "stability-flags": [],
    "prefer-stable": false,
    "prefer-lowest": false,
    "platform": {
        "php": ">=5.4.0"
    },
    "platform-dev": []
}
